
Microsoft Visual Studio Solution File, Format Version 12.00
# Visual Studio Version 17
VisualStudioVersion = 17.0.31825.309
MinimumVisualStudioVersion = 10.0.40219.1
Project("{9A19103F-16F7-4668-BE54-9A1E7A4F7556}") = "CodeArts.Arithmetic", "CodeArts.Arithmetic\CodeArts.Arithmetic.csproj", "{79D2FA39-78BE-4F08-8298-EC5C6707C7DC}"
EndProject
Project("{9A19103F-16F7-4668-BE54-9A1E7A4F7556}") = "CodeArts.DataStructure", "CodeArts.DataStructure\CodeArts.DataStructure.csproj", "{F5B1D260-E2DC-40A8-A8FA-C985BE389126}"
EndProject
Project("{9A19103F-16F7-4668-BE54-9A1E7A4F7556}") = "CodeArts.DesignMode", "CodeArts.DesignMode\CodeArts.DesignMode.csproj", "{D21C0F02-452E-4FAA-9B3A-84A09AD46728}"
EndProject
Project("{9A19103F-16F7-4668-BE54-9A1E7A4F7556}") = "CodeArts.Topic", "CodeArts.Topic\CodeArts.Topic.csproj", "{01F96CBF-92D0-4D40-AEC0-821626D95360}"
EndProject
Project("{9A19103F-16F7-4668-BE54-9A1E7A4F7556}") = "Demo.NLua", "Demo.NLua\Demo.NLua.csproj", "{197BAC89-E2BD-4D43-91BF-F128EB22892E}"
EndProject
Project("{9A19103F-16F7-4668-BE54-9A1E7A4F7556}") = "Demo.AspNetCoreWebApi_v5.0", "Demo.AspNetCoreWebApi_v5.0\Demo.AspNetCoreWebApi_v5.0.csproj", "{FD4247AF-27F1-4BA3-9FF0-C7F1B7778DD6}"
EndProject
Project("{2150E333-8FDC-42A3-9474-1A3956D46DE8}") = "CodeArts", "CodeArts", "{B03696ED-E054-4697-926C-07D9B8B29C73}"
EndProject
Project("{9A19103F-16F7-4668-BE54-9A1E7A4F7556}") = "Demo.Wpf", "Demo.Wpf\Demo.Wpf.csproj", "{41236530-8E49-44B3-97F7-86319C4EE651}"
EndProject
Project("{9A19103F-16F7-4668-BE54-9A1E7A4F7556}") = "Demo.CSharp", "Demo.CSharp\Demo.CSharp.csproj", "{759D57E7-3908-4F04-85EA-20C09D1F9407}"
EndProject
Project("{9A19103F-16F7-4668-BE54-9A1E7A4F7556}") = "Demo.CSharpScript", "Demo.CSharpScript\Demo.CSharpScript.csproj", "{71545CD1-6539-45C5-A758-5D5FD4445359}"
EndProject
Project("{9A19103F-16F7-4668-BE54-9A1E7A4F7556}") = "Grpc.Client", "Demo.Grpc\Grpc.Client\Grpc.Client.csproj", "{DF5C0881-12FC-4CFE-B5A1-3C62194730B5}"
EndProject
Project("{9A19103F-16F7-4668-BE54-9A1E7A4F7556}") = "Grpc.Service", "Demo.Grpc\Grpc.Service\Grpc.Service.csproj", "{92E3227F-DA04-4C87-9B26-EB68B113C294}"
EndProject
Project("{9A19103F-16F7-4668-BE54-9A1E7A4F7556}") = "Demo.Jwt", "Demo.Jwt\Demo.Jwt.csproj", "{614A89C0-4E95-46A7-8D6A-A8B9EE2AEB22}"
EndProject
Project("{2150E333-8FDC-42A3-9474-1A3956D46DE8}") = "Demo.LinqImplementation", "Demo.LinqImplementation", "{35BE1B37-AC0A-48E5-8942-1CC7BF93CD11}"
EndProject
Project("{2150E333-8FDC-42A3-9474-1A3956D46DE8}") = "Demo.Grpc", "Demo.Grpc", "{D59967E9-4B40-4995-BCB9-34806FEF7572}"
EndProject
Project("{9A19103F-16F7-4668-BE54-9A1E7A4F7556}") = "Demo.LinqImplementation", "Demo.LinqImplementation\Demo.LinqImplementation\Demo.LinqImplementation.csproj", "{9784C751-7339-4DAF-9072-91785A5D3FCB}"
EndProject
Project("{FAE04EC0-301F-11D3-BF4B-00C04F79EFBC}") = "LambdaExpressionTree", "Demo.LinqImplementation\LambdaExpressionTree\LambdaExpressionTree.csproj", "{50EBA1C0-1D15-4C60-BE43-4AAD0120C540}"
EndProject
Project("{9A19103F-16F7-4668-BE54-9A1E7A4F7556}") = "Test.Demo.LinqImplementation", "Demo.LinqImplementation\Test.Demo.LinqImplementation\Test.Demo.LinqImplementation.csproj", "{AABB7BC6-203A-4ABF-940D-E4FFCF484155}"
EndProject
Project("{2150E333-8FDC-42A3-9474-1A3956D46DE8}") = "Demo.Ocelot", "Demo.Ocelot", "{5464738A-FD34-40C0-A3D1-D79CF959934F}"
EndProject
Project("{9A19103F-16F7-4668-BE54-9A1E7A4F7556}") = "OcelotGateway", "Demo.Ocelot\OcelotGateway\OcelotGateway.csproj", "{A153DEF5-B42F-45D4-8076-30B361AC4F62}"
EndProject
Project("{9A19103F-16F7-4668-BE54-9A1E7A4F7556}") = "Service1", "Demo.Ocelot\Service1\Service1.csproj", "{10E2B307-53DE-45AC-8EFA-7D97D51DBEA5}"
EndProject
Project("{9A19103F-16F7-4668-BE54-9A1E7A4F7556}") = "Service2", "Demo.Ocelot\Service2\Service2.csproj", "{51A3CBE0-1CED-4852-9AEF-150D7CD2CEE4}"
EndProject
Project("{9A19103F-16F7-4668-BE54-9A1E7A4F7556}") = "Service3", "Demo.Ocelot\Service3\Service3.csproj", "{09FBBA91-F12C-4034-8CA5-432CBCDD786C}"
EndProject
Project("{2150E333-8FDC-42A3-9474-1A3956D46DE8}") = "Demo.ORM", "Demo.ORM", "{F8B20DA5-004E-44AE-B231-642C7F1606EC}"
EndProject
Project("{2150E333-8FDC-42A3-9474-1A3956D46DE8}") = "Demo.RPC", "Demo.RPC", "{9ED79523-93C2-4E8A-8AC7-4F9B90BD52EB}"
EndProject
Project("{9A19103F-16F7-4668-BE54-9A1E7A4F7556}") = "SevenTiny.GRpc.Client", "Demo.RPC\SevenTiny.GRpc.Client\SevenTiny.GRpc.Client.csproj", "{8BEB8870-0B4C-47F3-B550-42CF84017324}"
EndProject
Project("{9A19103F-16F7-4668-BE54-9A1E7A4F7556}") = "SevenTiny.GRpc.Hosting", "Demo.RPC\SevenTiny.GRpc.Hosting\SevenTiny.GRpc.Hosting.csproj", "{992B891C-0305-4596-AE46-8502F60AD116}"
EndProject
Project("{9A19103F-16F7-4668-BE54-9A1E7A4F7556}") = "SevenTiny.GRpc.Implement", "Demo.RPC\SevenTiny.GRpc.Implement\SevenTiny.GRpc.Implement.csproj", "{76BC862F-1D32-4AA0-B84C-EF9DFB662011}"
EndProject
Project("{9A19103F-16F7-4668-BE54-9A1E7A4F7556}") = "SevenTiny.GRpc.Protocol", "Demo.RPC\SevenTiny.GRpc.Protocol\SevenTiny.GRpc.Protocol.csproj", "{30DD1A3B-B924-46B3-B5AD-93AD4D137D9A}"
EndProject
Project("{9A19103F-16F7-4668-BE54-9A1E7A4F7556}") = "SevenTiny.Thrift.Client", "Demo.RPC\SevenTiny.Thrift.Client\SevenTiny.Thrift.Client.csproj", "{841DEB96-E8C9-4156-B1F7-D237873DC057}"
EndProject
Project("{9A19103F-16F7-4668-BE54-9A1E7A4F7556}") = "SevenTiny.Thrift.Contract", "Demo.RPC\SevenTiny.Thrift.Contract\SevenTiny.Thrift.Contract.csproj", "{E155959A-9085-434C-99AF-D6B5642834C6}"
EndProject
Project("{9A19103F-16F7-4668-BE54-9A1E7A4F7556}") = "SevenTiny.Thrift.Server", "Demo.RPC\SevenTiny.Thrift.Server\SevenTiny.Thrift.Server.csproj", "{EE2B0969-6615-4912-A578-C5B8A3E1443B}"
EndProject
Project("{9A19103F-16F7-4668-BE54-9A1E7A4F7556}") = "Demo.FluentHttp", "Demo.FluentHttp\Demo.FluentHttp.csproj", "{14745359-266A-4DA9-8C24-916D152709E7}"
EndProject
Project("{9A19103F-16F7-4668-BE54-9A1E7A4F7556}") = "Demo.FluentValidation", "Demo.FluentValidation\Demo.FluentValidation.csproj", "{354B2B72-753D-474C-8B2E-114531CEE970}"
EndProject
Project("{9A19103F-16F7-4668-BE54-9A1E7A4F7556}") = "Demo.EfCore.PostgreSql", "Demo.EfCore.PostgreSql\Demo.EfCore.PostgreSql.csproj", "{3E7D4D7C-E1A1-4A1D-A260-66CB8B49BB3C}"
EndProject
Project("{9A19103F-16F7-4668-BE54-9A1E7A4F7556}") = "Demo.Dapper.MySql", "Demo.Dapper.MySql\Demo.Dapper.MySql.csproj", "{DA3E7F4E-ABA6-4BA9-947D-EE22F80CB560}"
EndProject
Project("{9A19103F-16F7-4668-BE54-9A1E7A4F7556}") = "Demo.NetCoreConfiguration", "Demo.NetCoreConfiguration\Demo.NetCoreConfiguration.csproj", "{0123BB02-3297-437A-B6E3-EB7844DD8F60}"
EndProject
Project("{9A19103F-16F7-4668-BE54-9A1E7A4F7556}") = "Demo.MediatR", "Demo.MediatR\Demo.MediatR.csproj", "{01CDA323-A988-4C48-A642-C58CB5792C09}"
EndProject
Project("{9A19103F-16F7-4668-BE54-9A1E7A4F7556}") = "Demo.ServerSentEvents", "Demo.ServerSentEvents\Demo.ServerSentEvents.csproj", "{4A46878C-1C3C-433D-AA67-C4A0A0C22767}"
EndProject
Project("{2150E333-8FDC-42A3-9474-1A3956D46DE8}") = "Solution Items", "Solution Items", "{2F0891E6-02A0-45D9-B669-B7595BE7B867}"
	ProjectSection(SolutionItems) = preProject
		README.md = README.md
	EndProjectSection
EndProject
Project("{9A19103F-16F7-4668-BE54-9A1E7A4F7556}") = "Demo.Hashids", "Demo.Hashids\Demo.Hashids.csproj", "{16C45825-53F1-425F-A3AD-2B61300E7AB5}"
EndProject
Project("{FAE04EC0-301F-11D3-BF4B-00C04F79EFBC}") = "Demo.FreeSql", "Demo.FreeSql\Demo.FreeSql.csproj", "{195250C6-F783-4BFC-A56F-C7D258A55EAD}"
EndProject
Project("{FAE04EC0-301F-11D3-BF4B-00C04F79EFBC}") = "Demo.OCR", "Demo.OCR\Demo.OCR.csproj", "{40B9C267-5139-47F3-8374-6414DA8F0056}"
EndProject
Global
	GlobalSection(SolutionConfigurationPlatforms) = preSolution
		Debug|Any CPU = Debug|Any CPU
		Release|Any CPU = Release|Any CPU
	EndGlobalSection
	GlobalSection(ProjectConfigurationPlatforms) = postSolution
		{79D2FA39-78BE-4F08-8298-EC5C6707C7DC}.Debug|Any CPU.ActiveCfg = Debug|Any CPU
		{79D2FA39-78BE-4F08-8298-EC5C6707C7DC}.Debug|Any CPU.Build.0 = Debug|Any CPU
		{79D2FA39-78BE-4F08-8298-EC5C6707C7DC}.Release|Any CPU.ActiveCfg = Release|Any CPU
		{79D2FA39-78BE-4F08-8298-EC5C6707C7DC}.Release|Any CPU.Build.0 = Release|Any CPU
		{F5B1D260-E2DC-40A8-A8FA-C985BE389126}.Debug|Any CPU.ActiveCfg = Debug|Any CPU
		{F5B1D260-E2DC-40A8-A8FA-C985BE389126}.Debug|Any CPU.Build.0 = Debug|Any CPU
		{F5B1D260-E2DC-40A8-A8FA-C985BE389126}.Release|Any CPU.ActiveCfg = Release|Any CPU
		{F5B1D260-E2DC-40A8-A8FA-C985BE389126}.Release|Any CPU.Build.0 = Release|Any CPU
		{D21C0F02-452E-4FAA-9B3A-84A09AD46728}.Debug|Any CPU.ActiveCfg = Debug|Any CPU
		{D21C0F02-452E-4FAA-9B3A-84A09AD46728}.Debug|Any CPU.Build.0 = Debug|Any CPU
		{D21C0F02-452E-4FAA-9B3A-84A09AD46728}.Release|Any CPU.ActiveCfg = Release|Any CPU
		{D21C0F02-452E-4FAA-9B3A-84A09AD46728}.Release|Any CPU.Build.0 = Release|Any CPU
		{01F96CBF-92D0-4D40-AEC0-821626D95360}.Debug|Any CPU.ActiveCfg = Debug|Any CPU
		{01F96CBF-92D0-4D40-AEC0-821626D95360}.Debug|Any CPU.Build.0 = Debug|Any CPU
		{01F96CBF-92D0-4D40-AEC0-821626D95360}.Release|Any CPU.ActiveCfg = Release|Any CPU
		{01F96CBF-92D0-4D40-AEC0-821626D95360}.Release|Any CPU.Build.0 = Release|Any CPU
		{197BAC89-E2BD-4D43-91BF-F128EB22892E}.Debug|Any CPU.ActiveCfg = Debug|Any CPU
		{197BAC89-E2BD-4D43-91BF-F128EB22892E}.Debug|Any CPU.Build.0 = Debug|Any CPU
		{197BAC89-E2BD-4D43-91BF-F128EB22892E}.Release|Any CPU.ActiveCfg = Release|Any CPU
		{197BAC89-E2BD-4D43-91BF-F128EB22892E}.Release|Any CPU.Build.0 = Release|Any CPU
		{FD4247AF-27F1-4BA3-9FF0-C7F1B7778DD6}.Debug|Any CPU.ActiveCfg = Debug|Any CPU
		{FD4247AF-27F1-4BA3-9FF0-C7F1B7778DD6}.Debug|Any CPU.Build.0 = Debug|Any CPU
		{FD4247AF-27F1-4BA3-9FF0-C7F1B7778DD6}.Release|Any CPU.ActiveCfg = Release|Any CPU
		{FD4247AF-27F1-4BA3-9FF0-C7F1B7778DD6}.Release|Any CPU.Build.0 = Release|Any CPU
		{41236530-8E49-44B3-97F7-86319C4EE651}.Debug|Any CPU.ActiveCfg = Debug|Any CPU
		{41236530-8E49-44B3-97F7-86319C4EE651}.Debug|Any CPU.Build.0 = Debug|Any CPU
		{41236530-8E49-44B3-97F7-86319C4EE651}.Release|Any CPU.ActiveCfg = Release|Any CPU
		{41236530-8E49-44B3-97F7-86319C4EE651}.Release|Any CPU.Build.0 = Release|Any CPU
		{759D57E7-3908-4F04-85EA-20C09D1F9407}.Debug|Any CPU.ActiveCfg = Debug|Any CPU
		{759D57E7-3908-4F04-85EA-20C09D1F9407}.Debug|Any CPU.Build.0 = Debug|Any CPU
		{759D57E7-3908-4F04-85EA-20C09D1F9407}.Release|Any CPU.ActiveCfg = Release|Any CPU
		{759D57E7-3908-4F04-85EA-20C09D1F9407}.Release|Any CPU.Build.0 = Release|Any CPU
		{71545CD1-6539-45C5-A758-5D5FD4445359}.Debug|Any CPU.ActiveCfg = Debug|Any CPU
		{71545CD1-6539-45C5-A758-5D5FD4445359}.Debug|Any CPU.Build.0 = Debug|Any CPU
		{71545CD1-6539-45C5-A758-5D5FD4445359}.Release|Any CPU.ActiveCfg = Release|Any CPU
		{71545CD1-6539-45C5-A758-5D5FD4445359}.Release|Any CPU.Build.0 = Release|Any CPU
		{DF5C0881-12FC-4CFE-B5A1-3C62194730B5}.Debug|Any CPU.ActiveCfg = Debug|Any CPU
		{DF5C0881-12FC-4CFE-B5A1-3C62194730B5}.Debug|Any CPU.Build.0 = Debug|Any CPU
		{DF5C0881-12FC-4CFE-B5A1-3C62194730B5}.Release|Any CPU.ActiveCfg = Release|Any CPU
		{DF5C0881-12FC-4CFE-B5A1-3C62194730B5}.Release|Any CPU.Build.0 = Release|Any CPU
		{92E3227F-DA04-4C87-9B26-EB68B113C294}.Debug|Any CPU.ActiveCfg = Debug|Any CPU
		{92E3227F-DA04-4C87-9B26-EB68B113C294}.Debug|Any CPU.Build.0 = Debug|Any CPU
		{92E3227F-DA04-4C87-9B26-EB68B113C294}.Release|Any CPU.ActiveCfg = Release|Any CPU
		{92E3227F-DA04-4C87-9B26-EB68B113C294}.Release|Any CPU.Build.0 = Release|Any CPU
		{614A89C0-4E95-46A7-8D6A-A8B9EE2AEB22}.Debug|Any CPU.ActiveCfg = Debug|Any CPU
		{614A89C0-4E95-46A7-8D6A-A8B9EE2AEB22}.Debug|Any CPU.Build.0 = Debug|Any CPU
		{614A89C0-4E95-46A7-8D6A-A8B9EE2AEB22}.Release|Any CPU.ActiveCfg = Release|Any CPU
		{614A89C0-4E95-46A7-8D6A-A8B9EE2AEB22}.Release|Any CPU.Build.0 = Release|Any CPU
		{9784C751-7339-4DAF-9072-91785A5D3FCB}.Debug|Any CPU.ActiveCfg = Debug|Any CPU
		{9784C751-7339-4DAF-9072-91785A5D3FCB}.Debug|Any CPU.Build.0 = Debug|Any CPU
		{9784C751-7339-4DAF-9072-91785A5D3FCB}.Release|Any CPU.ActiveCfg = Release|Any CPU
		{9784C751-7339-4DAF-9072-91785A5D3FCB}.Release|Any CPU.Build.0 = Release|Any CPU
		{50EBA1C0-1D15-4C60-BE43-4AAD0120C540}.Debug|Any CPU.ActiveCfg = Debug|Any CPU
		{50EBA1C0-1D15-4C60-BE43-4AAD0120C540}.Debug|Any CPU.Build.0 = Debug|Any CPU
		{50EBA1C0-1D15-4C60-BE43-4AAD0120C540}.Release|Any CPU.ActiveCfg = Release|Any CPU
		{50EBA1C0-1D15-4C60-BE43-4AAD0120C540}.Release|Any CPU.Build.0 = Release|Any CPU
		{AABB7BC6-203A-4ABF-940D-E4FFCF484155}.Debug|Any CPU.ActiveCfg = Debug|Any CPU
		{AABB7BC6-203A-4ABF-940D-E4FFCF484155}.Debug|Any CPU.Build.0 = Debug|Any CPU
		{AABB7BC6-203A-4ABF-940D-E4FFCF484155}.Release|Any CPU.ActiveCfg = Release|Any CPU
		{AABB7BC6-203A-4ABF-940D-E4FFCF484155}.Release|Any CPU.Build.0 = Release|Any CPU
		{A153DEF5-B42F-45D4-8076-30B361AC4F62}.Debug|Any CPU.ActiveCfg = Debug|Any CPU
		{A153DEF5-B42F-45D4-8076-30B361AC4F62}.Debug|Any CPU.Build.0 = Debug|Any CPU
		{A153DEF5-B42F-45D4-8076-30B361AC4F62}.Release|Any CPU.ActiveCfg = Release|Any CPU
		{A153DEF5-B42F-45D4-8076-30B361AC4F62}.Release|Any CPU.Build.0 = Release|Any CPU
		{10E2B307-53DE-45AC-8EFA-7D97D51DBEA5}.Debug|Any CPU.ActiveCfg = Debug|Any CPU
		{10E2B307-53DE-45AC-8EFA-7D97D51DBEA5}.Debug|Any CPU.Build.0 = Debug|Any CPU
		{10E2B307-53DE-45AC-8EFA-7D97D51DBEA5}.Release|Any CPU.ActiveCfg = Release|Any CPU
		{10E2B307-53DE-45AC-8EFA-7D97D51DBEA5}.Release|Any CPU.Build.0 = Release|Any CPU
		{51A3CBE0-1CED-4852-9AEF-150D7CD2CEE4}.Debug|Any CPU.ActiveCfg = Debug|Any CPU
		{51A3CBE0-1CED-4852-9AEF-150D7CD2CEE4}.Debug|Any CPU.Build.0 = Debug|Any CPU
		{51A3CBE0-1CED-4852-9AEF-150D7CD2CEE4}.Release|Any CPU.ActiveCfg = Release|Any CPU
		{51A3CBE0-1CED-4852-9AEF-150D7CD2CEE4}.Release|Any CPU.Build.0 = Release|Any CPU
		{09FBBA91-F12C-4034-8CA5-432CBCDD786C}.Debug|Any CPU.ActiveCfg = Debug|Any CPU
		{09FBBA91-F12C-4034-8CA5-432CBCDD786C}.Debug|Any CPU.Build.0 = Debug|Any CPU
		{09FBBA91-F12C-4034-8CA5-432CBCDD786C}.Release|Any CPU.ActiveCfg = Release|Any CPU
		{09FBBA91-F12C-4034-8CA5-432CBCDD786C}.Release|Any CPU.Build.0 = Release|Any CPU
		{8BEB8870-0B4C-47F3-B550-42CF84017324}.Debug|Any CPU.ActiveCfg = Debug|Any CPU
		{8BEB8870-0B4C-47F3-B550-42CF84017324}.Debug|Any CPU.Build.0 = Debug|Any CPU
		{8BEB8870-0B4C-47F3-B550-42CF84017324}.Release|Any CPU.ActiveCfg = Release|Any CPU
		{8BEB8870-0B4C-47F3-B550-42CF84017324}.Release|Any CPU.Build.0 = Release|Any CPU
		{992B891C-0305-4596-AE46-8502F60AD116}.Debug|Any CPU.ActiveCfg = Debug|Any CPU
		{992B891C-0305-4596-AE46-8502F60AD116}.Debug|Any CPU.Build.0 = Debug|Any CPU
		{992B891C-0305-4596-AE46-8502F60AD116}.Release|Any CPU.ActiveCfg = Release|Any CPU
		{992B891C-0305-4596-AE46-8502F60AD116}.Release|Any CPU.Build.0 = Release|Any CPU
		{76BC862F-1D32-4AA0-B84C-EF9DFB662011}.Debug|Any CPU.ActiveCfg = Debug|Any CPU
		{76BC862F-1D32-4AA0-B84C-EF9DFB662011}.Debug|Any CPU.Build.0 = Debug|Any CPU
		{76BC862F-1D32-4AA0-B84C-EF9DFB662011}.Release|Any CPU.ActiveCfg = Release|Any CPU
		{76BC862F-1D32-4AA0-B84C-EF9DFB662011}.Release|Any CPU.Build.0 = Release|Any CPU
		{30DD1A3B-B924-46B3-B5AD-93AD4D137D9A}.Debug|Any CPU.ActiveCfg = Debug|Any CPU
		{30DD1A3B-B924-46B3-B5AD-93AD4D137D9A}.Debug|Any CPU.Build.0 = Debug|Any CPU
		{30DD1A3B-B924-46B3-B5AD-93AD4D137D9A}.Release|Any CPU.ActiveCfg = Release|Any CPU
		{30DD1A3B-B924-46B3-B5AD-93AD4D137D9A}.Release|Any CPU.Build.0 = Release|Any CPU
		{841DEB96-E8C9-4156-B1F7-D237873DC057}.Debug|Any CPU.ActiveCfg = Debug|Any CPU
		{841DEB96-E8C9-4156-B1F7-D237873DC057}.Debug|Any CPU.Build.0 = Debug|Any CPU
		{841DEB96-E8C9-4156-B1F7-D237873DC057}.Release|Any CPU.ActiveCfg = Release|Any CPU
		{841DEB96-E8C9-4156-B1F7-D237873DC057}.Release|Any CPU.Build.0 = Release|Any CPU
		{E155959A-9085-434C-99AF-D6B5642834C6}.Debug|Any CPU.ActiveCfg = Debug|Any CPU
		{E155959A-9085-434C-99AF-D6B5642834C6}.Debug|Any CPU.Build.0 = Debug|Any CPU
		{E155959A-9085-434C-99AF-D6B5642834C6}.Release|Any CPU.ActiveCfg = Release|Any CPU
		{E155959A-9085-434C-99AF-D6B5642834C6}.Release|Any CPU.Build.0 = Release|Any CPU
		{EE2B0969-6615-4912-A578-C5B8A3E1443B}.Debug|Any CPU.ActiveCfg = Debug|Any CPU
		{EE2B0969-6615-4912-A578-C5B8A3E1443B}.Debug|Any CPU.Build.0 = Debug|Any CPU
		{EE2B0969-6615-4912-A578-C5B8A3E1443B}.Release|Any CPU.ActiveCfg = Release|Any CPU
		{EE2B0969-6615-4912-A578-C5B8A3E1443B}.Release|Any CPU.Build.0 = Release|Any CPU
		{14745359-266A-4DA9-8C24-916D152709E7}.Debug|Any CPU.ActiveCfg = Debug|Any CPU
		{14745359-266A-4DA9-8C24-916D152709E7}.Debug|Any CPU.Build.0 = Debug|Any CPU
		{14745359-266A-4DA9-8C24-916D152709E7}.Release|Any CPU.ActiveCfg = Release|Any CPU
		{14745359-266A-4DA9-8C24-916D152709E7}.Release|Any CPU.Build.0 = Release|Any CPU
		{354B2B72-753D-474C-8B2E-114531CEE970}.Debug|Any CPU.ActiveCfg = Debug|Any CPU
		{354B2B72-753D-474C-8B2E-114531CEE970}.Debug|Any CPU.Build.0 = Debug|Any CPU
		{354B2B72-753D-474C-8B2E-114531CEE970}.Release|Any CPU.ActiveCfg = Release|Any CPU
		{354B2B72-753D-474C-8B2E-114531CEE970}.Release|Any CPU.Build.0 = Release|Any CPU
		{3E7D4D7C-E1A1-4A1D-A260-66CB8B49BB3C}.Debug|Any CPU.ActiveCfg = Debug|Any CPU
		{3E7D4D7C-E1A1-4A1D-A260-66CB8B49BB3C}.Debug|Any CPU.Build.0 = Debug|Any CPU
		{3E7D4D7C-E1A1-4A1D-A260-66CB8B49BB3C}.Release|Any CPU.ActiveCfg = Release|Any CPU
		{3E7D4D7C-E1A1-4A1D-A260-66CB8B49BB3C}.Release|Any CPU.Build.0 = Release|Any CPU
		{DA3E7F4E-ABA6-4BA9-947D-EE22F80CB560}.Debug|Any CPU.ActiveCfg = Debug|Any CPU
		{DA3E7F4E-ABA6-4BA9-947D-EE22F80CB560}.Debug|Any CPU.Build.0 = Debug|Any CPU
		{DA3E7F4E-ABA6-4BA9-947D-EE22F80CB560}.Release|Any CPU.ActiveCfg = Release|Any CPU
		{DA3E7F4E-ABA6-4BA9-947D-EE22F80CB560}.Release|Any CPU.Build.0 = Release|Any CPU
		{0123BB02-3297-437A-B6E3-EB7844DD8F60}.Debug|Any CPU.ActiveCfg = Debug|Any CPU
		{0123BB02-3297-437A-B6E3-EB7844DD8F60}.Debug|Any CPU.Build.0 = Debug|Any CPU
		{0123BB02-3297-437A-B6E3-EB7844DD8F60}.Release|Any CPU.ActiveCfg = Release|Any CPU
		{0123BB02-3297-437A-B6E3-EB7844DD8F60}.Release|Any CPU.Build.0 = Release|Any CPU
		{01CDA323-A988-4C48-A642-C58CB5792C09}.Debug|Any CPU.ActiveCfg = Debug|Any CPU
		{01CDA323-A988-4C48-A642-C58CB5792C09}.Debug|Any CPU.Build.0 = Debug|Any CPU
		{01CDA323-A988-4C48-A642-C58CB5792C09}.Release|Any CPU.ActiveCfg = Release|Any CPU
		{01CDA323-A988-4C48-A642-C58CB5792C09}.Release|Any CPU.Build.0 = Release|Any CPU
		{4A46878C-1C3C-433D-AA67-C4A0A0C22767}.Debug|Any CPU.ActiveCfg = Debug|Any CPU
		{4A46878C-1C3C-433D-AA67-C4A0A0C22767}.Debug|Any CPU.Build.0 = Debug|Any CPU
		{4A46878C-1C3C-433D-AA67-C4A0A0C22767}.Release|Any CPU.ActiveCfg = Release|Any CPU
		{4A46878C-1C3C-433D-AA67-C4A0A0C22767}.Release|Any CPU.Build.0 = Release|Any CPU
		{16C45825-53F1-425F-A3AD-2B61300E7AB5}.Debug|Any CPU.ActiveCfg = Debug|Any CPU
		{16C45825-53F1-425F-A3AD-2B61300E7AB5}.Debug|Any CPU.Build.0 = Debug|Any CPU
		{16C45825-53F1-425F-A3AD-2B61300E7AB5}.Release|Any CPU.ActiveCfg = Release|Any CPU
		{16C45825-53F1-425F-A3AD-2B61300E7AB5}.Release|Any CPU.Build.0 = Release|Any CPU
		{195250C6-F783-4BFC-A56F-C7D258A55EAD}.Debug|Any CPU.ActiveCfg = Debug|Any CPU
		{195250C6-F783-4BFC-A56F-C7D258A55EAD}.Debug|Any CPU.Build.0 = Debug|Any CPU
		{195250C6-F783-4BFC-A56F-C7D258A55EAD}.Release|Any CPU.ActiveCfg = Release|Any CPU
		{195250C6-F783-4BFC-A56F-C7D258A55EAD}.Release|Any CPU.Build.0 = Release|Any CPU
		{40B9C267-5139-47F3-8374-6414DA8F0056}.Debug|Any CPU.ActiveCfg = Debug|Any CPU
		{40B9C267-5139-47F3-8374-6414DA8F0056}.Debug|Any CPU.Build.0 = Debug|Any CPU
		{40B9C267-5139-47F3-8374-6414DA8F0056}.Release|Any CPU.ActiveCfg = Release|Any CPU
		{40B9C267-5139-47F3-8374-6414DA8F0056}.Release|Any CPU.Build.0 = Release|Any CPU
	EndGlobalSection
	GlobalSection(SolutionProperties) = preSolution
		HideSolutionNode = FALSE
	EndGlobalSection
	GlobalSection(NestedProjects) = preSolution
		{79D2FA39-78BE-4F08-8298-EC5C6707C7DC} = {B03696ED-E054-4697-926C-07D9B8B29C73}
		{F5B1D260-E2DC-40A8-A8FA-C985BE389126} = {B03696ED-E054-4697-926C-07D9B8B29C73}
		{D21C0F02-452E-4FAA-9B3A-84A09AD46728} = {B03696ED-E054-4697-926C-07D9B8B29C73}
		{01F96CBF-92D0-4D40-AEC0-821626D95360} = {B03696ED-E054-4697-926C-07D9B8B29C73}
		{DF5C0881-12FC-4CFE-B5A1-3C62194730B5} = {D59967E9-4B40-4995-BCB9-34806FEF7572}
		{92E3227F-DA04-4C87-9B26-EB68B113C294} = {D59967E9-4B40-4995-BCB9-34806FEF7572}
		{9784C751-7339-4DAF-9072-91785A5D3FCB} = {35BE1B37-AC0A-48E5-8942-1CC7BF93CD11}
		{50EBA1C0-1D15-4C60-BE43-4AAD0120C540} = {35BE1B37-AC0A-48E5-8942-1CC7BF93CD11}
		{AABB7BC6-203A-4ABF-940D-E4FFCF484155} = {35BE1B37-AC0A-48E5-8942-1CC7BF93CD11}
		{A153DEF5-B42F-45D4-8076-30B361AC4F62} = {5464738A-FD34-40C0-A3D1-D79CF959934F}
		{10E2B307-53DE-45AC-8EFA-7D97D51DBEA5} = {5464738A-FD34-40C0-A3D1-D79CF959934F}
		{51A3CBE0-1CED-4852-9AEF-150D7CD2CEE4} = {5464738A-FD34-40C0-A3D1-D79CF959934F}
		{09FBBA91-F12C-4034-8CA5-432CBCDD786C} = {5464738A-FD34-40C0-A3D1-D79CF959934F}
		{8BEB8870-0B4C-47F3-B550-42CF84017324} = {9ED79523-93C2-4E8A-8AC7-4F9B90BD52EB}
		{992B891C-0305-4596-AE46-8502F60AD116} = {9ED79523-93C2-4E8A-8AC7-4F9B90BD52EB}
		{76BC862F-1D32-4AA0-B84C-EF9DFB662011} = {9ED79523-93C2-4E8A-8AC7-4F9B90BD52EB}
		{30DD1A3B-B924-46B3-B5AD-93AD4D137D9A} = {9ED79523-93C2-4E8A-8AC7-4F9B90BD52EB}
		{841DEB96-E8C9-4156-B1F7-D237873DC057} = {9ED79523-93C2-4E8A-8AC7-4F9B90BD52EB}
		{E155959A-9085-434C-99AF-D6B5642834C6} = {9ED79523-93C2-4E8A-8AC7-4F9B90BD52EB}
		{EE2B0969-6615-4912-A578-C5B8A3E1443B} = {9ED79523-93C2-4E8A-8AC7-4F9B90BD52EB}
		{3E7D4D7C-E1A1-4A1D-A260-66CB8B49BB3C} = {F8B20DA5-004E-44AE-B231-642C7F1606EC}
		{DA3E7F4E-ABA6-4BA9-947D-EE22F80CB560} = {F8B20DA5-004E-44AE-B231-642C7F1606EC}
		{195250C6-F783-4BFC-A56F-C7D258A55EAD} = {F8B20DA5-004E-44AE-B231-642C7F1606EC}
	EndGlobalSection
	GlobalSection(ExtensibilityGlobals) = postSolution
		SolutionGuid = {2EB49FAF-106B-430E-8FA5-81E379FBA904}
	EndGlobalSection
EndGlobal
