
Microsoft Visual Studio Solution File, Format Version 12.00
# Visual Studio Version 16
VisualStudioVersion = 16.0.29123.88
MinimumVisualStudioVersion = 10.0.40219.1
Project("{2150E333-8FDC-42A3-9474-1A3956D46DE8}") = "Test", "Test", "{49287BFE-C82A-4581-AB6C-18F8D4321622}"
EndProject
Project("{9A19103F-16F7-4668-BE54-9A1E7A4F7556}") = "Test.EFCoreMySql", "Test.EFCoreMySql\Test.EFCoreMySql.csproj", "{7A789983-6E95-4681-90EA-63D4B17B5BF6}"
EndProject
Project("{9A19103F-16F7-4668-BE54-9A1E7A4F7556}") = "EFCoreMySql", "EFCoreMySql\EFCoreMySql.csproj", "{2127BB0E-2CF3-46C6-A031-11CB7627967C}"
EndProject
Project("{FAE04EC0-301F-11D3-BF4B-00C04F79EFBC}") = "DapperMySql", "DapperMySql\DapperMySql.csproj", "{4C0AE71E-6986-48CA-BFAC-4278E9C15787}"
EndProject
Project("{FAE04EC0-301F-11D3-BF4B-00C04F79EFBC}") = "Test.DapperMySql", "Test.DapperMySql\Test.DapperMySql.csproj", "{91F32F42-5374-468E-9480-C0DACB88108C}"
EndProject
Global
	GlobalSection(SolutionConfigurationPlatforms) = preSolution
		Debug|Any CPU = Debug|Any CPU
		Release|Any CPU = Release|Any CPU
	EndGlobalSection
	GlobalSection(ProjectConfigurationPlatforms) = postSolution
		{7A789983-6E95-4681-90EA-63D4B17B5BF6}.Debug|Any CPU.ActiveCfg = Debug|Any CPU
		{7A789983-6E95-4681-90EA-63D4B17B5BF6}.Debug|Any CPU.Build.0 = Debug|Any CPU
		{7A789983-6E95-4681-90EA-63D4B17B5BF6}.Release|Any CPU.ActiveCfg = Release|Any CPU
		{7A789983-6E95-4681-90EA-63D4B17B5BF6}.Release|Any CPU.Build.0 = Release|Any CPU
		{2127BB0E-2CF3-46C6-A031-11CB7627967C}.Debug|Any CPU.ActiveCfg = Debug|Any CPU
		{2127BB0E-2CF3-46C6-A031-11CB7627967C}.Debug|Any CPU.Build.0 = Debug|Any CPU
		{2127BB0E-2CF3-46C6-A031-11CB7627967C}.Release|Any CPU.ActiveCfg = Release|Any CPU
		{2127BB0E-2CF3-46C6-A031-11CB7627967C}.Release|Any CPU.Build.0 = Release|Any CPU
		{4C0AE71E-6986-48CA-BFAC-4278E9C15787}.Debug|Any CPU.ActiveCfg = Debug|Any CPU
		{4C0AE71E-6986-48CA-BFAC-4278E9C15787}.Debug|Any CPU.Build.0 = Debug|Any CPU
		{4C0AE71E-6986-48CA-BFAC-4278E9C15787}.Release|Any CPU.ActiveCfg = Release|Any CPU
		{4C0AE71E-6986-48CA-BFAC-4278E9C15787}.Release|Any CPU.Build.0 = Release|Any CPU
		{91F32F42-5374-468E-9480-C0DACB88108C}.Debug|Any CPU.ActiveCfg = Debug|Any CPU
		{91F32F42-5374-468E-9480-C0DACB88108C}.Debug|Any CPU.Build.0 = Debug|Any CPU
		{91F32F42-5374-468E-9480-C0DACB88108C}.Release|Any CPU.ActiveCfg = Release|Any CPU
		{91F32F42-5374-468E-9480-C0DACB88108C}.Release|Any CPU.Build.0 = Release|Any CPU
	EndGlobalSection
	GlobalSection(SolutionProperties) = preSolution
		HideSolutionNode = FALSE
	EndGlobalSection
	GlobalSection(NestedProjects) = preSolution
		{7A789983-6E95-4681-90EA-63D4B17B5BF6} = {49287BFE-C82A-4581-AB6C-18F8D4321622}
		{91F32F42-5374-468E-9480-C0DACB88108C} = {49287BFE-C82A-4581-AB6C-18F8D4321622}
	EndGlobalSection
	GlobalSection(ExtensibilityGlobals) = postSolution
		SolutionGuid = {8EAE174F-2F95-493A-9453-B0D59AB6966E}
	EndGlobalSection
EndGlobal
